<?xml version="1.0" encoding="utf-8"?>
<Project ToolsVersion="4.0" xmlns="http://schemas.microsoft.com/developer/msbuild/2003">
  <ItemGroup>
    <Filter Include="Исходные файлы">
      <UniqueIdentifier>{4FC737F1-C7A5-4376-A066-2A32D752A2FF}</UniqueIdentifier>
      <Extensions>cpp;c;cc;cxx;def;odl;idl;hpj;bat;asm;asmx</Extensions>
    </Filter>
    <Filter Include="Файлы заголовков">
      <UniqueIdentifier>{93995380-89BD-4b04-88EB-625FBE52EBFB}</UniqueIdentifier>
      <Extensions>h;hh;hpp;hxx;hm;inl;inc;ipp;xsd</Extensions>
    </Filter>
    <Filter Include="Файлы ресурсов">
      <UniqueIdentifier>{67DA6AB6-F800-4c08-8B7A-83BB121AAD01}</UniqueIdentifier>
      <Extensions>rc;ico;cur;bmp;dlg;rc2;rct;bin;rgs;gif;jpg;jpeg;jpe;resx;tiff;tif;png;wav;mfcribbon-ms</Extensions>
    </Filter>
    <Filter Include="Исходные файлы\Week1">
      <UniqueIdentifier>{b112b8a5-281d-42d8-a113-0ee316029d6b}</UniqueIdentifier>
    </Filter>
    <Filter Include="Исходные файлы\Week2">
      <UniqueIdentifier>{47718c47-9061-4864-adcf-dcc51f9854c4}</UniqueIdentifier>
    </Filter>
  </ItemGroup>
  <ItemGroup>
    <ClCompile Include="Week1.cpp">
      <Filter>Исходные файлы\Week1</Filter>
    </ClCompile>
    <ClCompile Include="Task_001.cpp">
      <Filter>Исходные файлы\Week1</Filter>
    </ClCompile>
    <ClCompile Include="Task_002.cpp">
      <Filter>Исходные файлы\Week1</Filter>
    </ClCompile>
    <ClCompile Include="Task_003.cpp">
      <Filter>Исходные файлы\Week1</Filter>
    </ClCompile>
    <ClCompile Include="Task_004.cpp">
      <Filter>Исходные файлы\Week1</Filter>
    </ClCompile>
    <ClCompile Include="Task_005.cpp">
      <Filter>Исходные файлы\Week1</Filter>
    </ClCompile>
    <ClCompile Include="Task_006.cpp">
      <Filter>Исходные файлы\Week1</Filter>
    </ClCompile>
    <ClCompile Include="Task_007.cpp">
      <Filter>Исходные файлы\Week1</Filter>
    </ClCompile>
    <ClCompile Include="Task_008.cpp">
      <Filter>Исходные файлы\Week1</Filter>
    </ClCompile>
    <ClCompile Include="Task_009.cpp">
      <Filter>Исходные файлы\Week1</Filter>
    </ClCompile>
    <ClCompile Include="Week2.cpp">
      <Filter>Исходные файлы\Week2</Filter>
    </ClCompile>
    <ClCompile Include="Task_010.cpp">
      <Filter>Исходные файлы\Week2</Filter>
    </ClCompile>
    <ClCompile Include="Task_011.cpp">
      <Filter>Исходные файлы\Week2</Filter>
    </ClCompile>
    <ClCompile Include="Task_012.cpp">
      <Filter>Исходные файлы\Week2</Filter>
    </ClCompile>
    <ClCompile Include="Task_013.cpp">
      <Filter>Исходные файлы\Week2</Filter>
    </ClCompile>
    <ClCompile Include="Task_014.cpp">
      <Filter>Исходные файлы\Week2</Filter>
    </ClCompile>
    <ClCompile Include="Task_015.cpp">
      <Filter>Исходные файлы\Week2</Filter>
    </ClCompile>
    <ClCompile Include="Task_016.cpp">
      <Filter>Исходные файлы\Week2</Filter>
    </ClCompile>
    <ClCompile Include="Task_017.cpp">
      <Filter>Исходные файлы\Week2</Filter>
    </ClCompile>
    <ClCompile Include="Task_018.cpp">
      <Filter>Исходные файлы\Week2</Filter>
    </ClCompile>
    <ClCompile Include="Task_019.cpp">
      <Filter>Исходные файлы\Week2</Filter>
    </ClCompile>
    <ClCompile Include="Task_020.cpp">
      <Filter>Исходные файлы\Week2</Filter>
    </ClCompile>
    <ClCompile Include="Task_021.cpp">
      <Filter>Исходные файлы\Week2</Filter>
    </ClCompile>
    <ClCompile Include="Task_022.cpp">
      <Filter>Исходные файлы\Week2</Filter>
    </ClCompile>
    <ClCompile Include="Task_023.cpp">
      <Filter>Исходные файлы\Week2</Filter>
    </ClCompile>
  </ItemGroup>
</Project>